
Microsoft Visual Studio Solution File, Format Version 12.00
# Visual Studio Version 17
VisualStudioVersion = 17.14.37710.0 d17.14
MinimumVisualStudioVersion = 10.0.40219.1
Project("{888888A0-9F3D-457C-B088-3A5042F75D52}") = "Practice_Work_1", "Practice_Work_1\Practice_Work_1.pyproj", "{D34A08B6-840D-4FE8-A156-531310AB7C6D}"
EndProject
Global
	GlobalSection(SolutionConfigurationPlatforms) = preSolution
		Debug|Any CPU = Debug|Any CPU
		Release|Any CPU = Release|Any CPU
	EndGlobalSection
	GlobalSection(ProjectConfigurationPlatforms) = postSolution
		{D34A08B6-840D-4FE8-A156-531310AB7C6D}.Debug|Any CPU.ActiveCfg = Debug|Any CPU
		{D34A08B6-840D-4FE8-A156-531310AB7C6D}.Release|Any CPU.ActiveCfg = Release|Any CPU
	EndGlobalSection
	GlobalSection(SolutionProperties) = preSolution
		HideSolutionNode = FALSE
	EndGlobalSection
	GlobalSection(ExtensibilityGlobals) = postSolution
		SolutionGuid = {68169983-D16B-421C-9AAC-911BE7DF5BD4}
	EndGlobalSection
EndGlobal
